
Microsoft Visual Studio Solution File, Format Version 9.00
# Visual Studio 2005
Project("{8BC9CEB8-8B4A-11D0-8D11-00A0C91BC942}") = "PComImpl", "PComImpl\PComImpl.vcproj", "{C7DEEA77-4033-4DFD-9F81-ED71724A1AAB}"
EndProject
Project("{FAE04EC0-301F-11D3-BF4B-00C04F79EFBC}") = "ProfilerUi", "ProfilerUi\ProfilerUi.csproj", "{37C66713-1DE2-4160-9157-D97F761EFDC2}"
EndProject
Project("{54435603-DBB4-11D2-8724-00A0C9A8B90C}") = "ProfilerSetup", "ProfilerSetup\ProfilerSetup.vdproj", "{E2D89611-2257-4770-B2F3-70595EACB6A2}"
EndProject
Project("{8BC9CEB8-8B4A-11D0-8D11-00A0C91BC942}") = "PJvmImpl", "PJvmImpl\PJvmImpl.vcproj", "{C98B5484-2188-4224-9856-6D7B87FA139C}"
EndProject
Project("{FAE04EC0-301F-11D3-BF4B-00C04F79EFBC}") = "Profiler.Core", "Profiler.Core\Profiler.Core.csproj", "{759D1196-C45A-46F5-9241-9EDBB4F54CC7}"
EndProject
Project("{2150E333-8FDC-42A3-9474-1A3956D46DE8}") = "CLR Agent", "CLR Agent", "{85A8E60E-A8D5-4A01-9BD9-B1616E3CAF0E}"
EndProject
Project("{2150E333-8FDC-42A3-9474-1A3956D46DE8}") = "JVM Agent", "JVM Agent", "{4AF90850-43CE-42C5-A755-0D11C93BC511}"
EndProject
Project("{FAE04EC0-301F-11D3-BF4B-00C04F79EFBC}") = "Profiler.Agents.CLR", "Profiler.Agents.CLR\Profiler.Agents.CLR.csproj", "{768A2A45-4540-47C1-851F-6955553CAB80}"
EndProject
Project("{FAE04EC0-301F-11D3-BF4B-00C04F79EFBC}") = "Profiler.Model", "Profiler.Model\Profiler.Model.csproj", "{5A427A12-5DFE-4817-AB88-AC9D45928E86}"
EndProject
Project("{FAE04EC0-301F-11D3-BF4B-00C04F79EFBC}") = "Profiler.Agents.JVM", "Profiler.Agents.JVM\Profiler.Agents.JVM.csproj", "{B5CD6244-793C-4885-BD9D-E608EB4810A4}"
EndProject
Global
	GlobalSection(SolutionConfigurationPlatforms) = preSolution
		Debug|Any CPU = Debug|Any CPU
		Debug|Mixed Platforms = Debug|Mixed Platforms
		Debug|Win32 = Debug|Win32
		Release|Any CPU = Release|Any CPU
		Release|Mixed Platforms = Release|Mixed Platforms
		Release|Win32 = Release|Win32
	EndGlobalSection
	GlobalSection(ProjectConfigurationPlatforms) = postSolution
		{C7DEEA77-4033-4DFD-9F81-ED71724A1AAB}.Debug|Any CPU.ActiveCfg = Debug|Win32
		{C7DEEA77-4033-4DFD-9F81-ED71724A1AAB}.Debug|Mixed Platforms.ActiveCfg = Debug|Win32
		{C7DEEA77-4033-4DFD-9F81-ED71724A1AAB}.Debug|Mixed Platforms.Build.0 = Debug|Win32
		{C7DEEA77-4033-4DFD-9F81-ED71724A1AAB}.Debug|Win32.ActiveCfg = Debug|Win32
		{C7DEEA77-4033-4DFD-9F81-ED71724A1AAB}.Debug|Win32.Build.0 = Debug|Win32
		{C7DEEA77-4033-4DFD-9F81-ED71724A1AAB}.Release|Any CPU.ActiveCfg = Release|Win32
		{C7DEEA77-4033-4DFD-9F81-ED71724A1AAB}.Release|Mixed Platforms.ActiveCfg = Release|Win32
		{C7DEEA77-4033-4DFD-9F81-ED71724A1AAB}.Release|Mixed Platforms.Build.0 = Release|Win32
		{C7DEEA77-4033-4DFD-9F81-ED71724A1AAB}.Release|Win32.ActiveCfg = Release|Win32
		{C7DEEA77-4033-4DFD-9F81-ED71724A1AAB}.Release|Win32.Build.0 = Release|Win32
		{37C66713-1DE2-4160-9157-D97F761EFDC2}.Debug|Any CPU.ActiveCfg = Debug|Any CPU
		{37C66713-1DE2-4160-9157-D97F761EFDC2}.Debug|Any CPU.Build.0 = Debug|Any CPU
		{37C66713-1DE2-4160-9157-D97F761EFDC2}.Debug|Mixed Platforms.ActiveCfg = Debug|Any CPU
		{37C66713-1DE2-4160-9157-D97F761EFDC2}.Debug|Mixed Platforms.Build.0 = Debug|Any CPU
		{37C66713-1DE2-4160-9157-D97F761EFDC2}.Debug|Win32.ActiveCfg = Debug|Any CPU
		{37C66713-1DE2-4160-9157-D97F761EFDC2}.Release|Any CPU.ActiveCfg = Release|Any CPU
		{37C66713-1DE2-4160-9157-D97F761EFDC2}.Release|Any CPU.Build.0 = Release|Any CPU
		{37C66713-1DE2-4160-9157-D97F761EFDC2}.Release|Mixed Platforms.ActiveCfg = Release|Any CPU
		{37C66713-1DE2-4160-9157-D97F761EFDC2}.Release|Mixed Platforms.Build.0 = Release|Any CPU
		{37C66713-1DE2-4160-9157-D97F761EFDC2}.Release|Win32.ActiveCfg = Release|Any CPU
		{E2D89611-2257-4770-B2F3-70595EACB6A2}.Debug|Any CPU.ActiveCfg = Debug
		{E2D89611-2257-4770-B2F3-70595EACB6A2}.Debug|Mixed Platforms.ActiveCfg = Debug
		{E2D89611-2257-4770-B2F3-70595EACB6A2}.Debug|Win32.ActiveCfg = Debug
		{E2D89611-2257-4770-B2F3-70595EACB6A2}.Release|Any CPU.ActiveCfg = Release
		{E2D89611-2257-4770-B2F3-70595EACB6A2}.Release|Mixed Platforms.ActiveCfg = Release
		{E2D89611-2257-4770-B2F3-70595EACB6A2}.Release|Win32.ActiveCfg = Release
		{C98B5484-2188-4224-9856-6D7B87FA139C}.Debug|Any CPU.ActiveCfg = Debug|Win32
		{C98B5484-2188-4224-9856-6D7B87FA139C}.Debug|Mixed Platforms.ActiveCfg = Debug|Win32
		{C98B5484-2188-4224-9856-6D7B87FA139C}.Debug|Mixed Platforms.Build.0 = Debug|Win32
		{C98B5484-2188-4224-9856-6D7B87FA139C}.Debug|Win32.ActiveCfg = Debug|Win32
		{C98B5484-2188-4224-9856-6D7B87FA139C}.Debug|Win32.Build.0 = Debug|Win32
		{C98B5484-2188-4224-9856-6D7B87FA139C}.Release|Any CPU.ActiveCfg = Release|Win32
		{C98B5484-2188-4224-9856-6D7B87FA139C}.Release|Mixed Platforms.ActiveCfg = Release|Win32
		{C98B5484-2188-4224-9856-6D7B87FA139C}.Release|Mixed Platforms.Build.0 = Release|Win32
		{C98B5484-2188-4224-9856-6D7B87FA139C}.Release|Win32.ActiveCfg = Release|Win32
		{C98B5484-2188-4224-9856-6D7B87FA139C}.Release|Win32.Build.0 = Release|Win32
		{759D1196-C45A-46F5-9241-9EDBB4F54CC7}.Debug|Any CPU.ActiveCfg = Debug|Any CPU
		{759D1196-C45A-46F5-9241-9EDBB4F54CC7}.Debug|Any CPU.Build.0 = Debug|Any CPU
		{759D1196-C45A-46F5-9241-9EDBB4F54CC7}.Debug|Mixed Platforms.ActiveCfg = Debug|Any CPU
		{759D1196-C45A-46F5-9241-9EDBB4F54CC7}.Debug|Mixed Platforms.Build.0 = Debug|Any CPU
		{759D1196-C45A-46F5-9241-9EDBB4F54CC7}.Debug|Win32.ActiveCfg = Debug|Any CPU
		{759D1196-C45A-46F5-9241-9EDBB4F54CC7}.Release|Any CPU.ActiveCfg = Release|Any CPU
		{759D1196-C45A-46F5-9241-9EDBB4F54CC7}.Release|Any CPU.Build.0 = Release|Any CPU
		{759D1196-C45A-46F5-9241-9EDBB4F54CC7}.Release|Mixed Platforms.ActiveCfg = Release|Any CPU
		{759D1196-C45A-46F5-9241-9EDBB4F54CC7}.Release|Mixed Platforms.Build.0 = Release|Any CPU
		{759D1196-C45A-46F5-9241-9EDBB4F54CC7}.Release|Win32.ActiveCfg = Release|Any CPU
		{768A2A45-4540-47C1-851F-6955553CAB80}.Debug|Any CPU.ActiveCfg = Debug|Any CPU
		{768A2A45-4540-47C1-851F-6955553CAB80}.Debug|Any CPU.Build.0 = Debug|Any CPU
		{768A2A45-4540-47C1-851F-6955553CAB80}.Debug|Mixed Platforms.ActiveCfg = Debug|Any CPU
		{768A2A45-4540-47C1-851F-6955553CAB80}.Debug|Mixed Platforms.Build.0 = Debug|Any CPU
		{768A2A45-4540-47C1-851F-6955553CAB80}.Debug|Win32.ActiveCfg = Debug|Any CPU
		{768A2A45-4540-47C1-851F-6955553CAB80}.Release|Any CPU.ActiveCfg = Release|Any CPU
		{768A2A45-4540-47C1-851F-6955553CAB80}.Release|Any CPU.Build.0 = Release|Any CPU
		{768A2A45-4540-47C1-851F-6955553CAB80}.Release|Mixed Platforms.ActiveCfg = Release|Any CPU
		{768A2A45-4540-47C1-851F-6955553CAB80}.Release|Mixed Platforms.Build.0 = Release|Any CPU
		{768A2A45-4540-47C1-851F-6955553CAB80}.Release|Win32.ActiveCfg = Release|Any CPU
		{5A427A12-5DFE-4817-AB88-AC9D45928E86}.Debug|Any CPU.ActiveCfg = Debug|Any CPU
		{5A427A12-5DFE-4817-AB88-AC9D45928E86}.Debug|Any CPU.Build.0 = Debug|Any CPU
		{5A427A12-5DFE-4817-AB88-AC9D45928E86}.Debug|Mixed Platforms.ActiveCfg = Debug|Any CPU
		{5A427A12-5DFE-4817-AB88-AC9D45928E86}.Debug|Mixed Platforms.Build.0 = Debug|Any CPU
		{5A427A12-5DFE-4817-AB88-AC9D45928E86}.Debug|Win32.ActiveCfg = Debug|Any CPU
		{5A427A12-5DFE-4817-AB88-AC9D45928E86}.Release|Any CPU.ActiveCfg = Release|Any CPU
		{5A427A12-5DFE-4817-AB88-AC9D45928E86}.Release|Any CPU.Build.0 = Release|Any CPU
		{5A427A12-5DFE-4817-AB88-AC9D45928E86}.Release|Mixed Platforms.ActiveCfg = Release|Any CPU
		{5A427A12-5DFE-4817-AB88-AC9D45928E86}.Release|Mixed Platforms.Build.0 = Release|Any CPU
		{5A427A12-5DFE-4817-AB88-AC9D45928E86}.Release|Win32.ActiveCfg = Release|Any CPU
		{B5CD6244-793C-4885-BD9D-E608EB4810A4}.Debug|Any CPU.ActiveCfg = Debug|Any CPU
		{B5CD6244-793C-4885-BD9D-E608EB4810A4}.Debug|Any CPU.Build.0 = Debug|Any CPU
		{B5CD6244-793C-4885-BD9D-E608EB4810A4}.Debug|Mixed Platforms.ActiveCfg = Debug|Any CPU
		{B5CD6244-793C-4885-BD9D-E608EB4810A4}.Debug|Mixed Platforms.Build.0 = Debug|Any CPU
		{B5CD6244-793C-4885-BD9D-E608EB4810A4}.Debug|Win32.ActiveCfg = Debug|Any CPU
		{B5CD6244-793C-4885-BD9D-E608EB4810A4}.Release|Any CPU.ActiveCfg = Release|Any CPU
		{B5CD6244-793C-4885-BD9D-E608EB4810A4}.Release|Any CPU.Build.0 = Release|Any CPU
		{B5CD6244-793C-4885-BD9D-E608EB4810A4}.Release|Mixed Platforms.ActiveCfg = Release|Any CPU
		{B5CD6244-793C-4885-BD9D-E608EB4810A4}.Release|Mixed Platforms.Build.0 = Release|Any CPU
		{B5CD6244-793C-4885-BD9D-E608EB4810A4}.Release|Win32.ActiveCfg = Release|Any CPU
	EndGlobalSection
	GlobalSection(SolutionProperties) = preSolution
		HideSolutionNode = FALSE
	EndGlobalSection
	GlobalSection(NestedProjects) = preSolution
		{C7DEEA77-4033-4DFD-9F81-ED71724A1AAB} = {85A8E60E-A8D5-4A01-9BD9-B1616E3CAF0E}
		{768A2A45-4540-47C1-851F-6955553CAB80} = {85A8E60E-A8D5-4A01-9BD9-B1616E3CAF0E}
		{C98B5484-2188-4224-9856-6D7B87FA139C} = {4AF90850-43CE-42C5-A755-0D11C93BC511}
		{B5CD6244-793C-4885-BD9D-E608EB4810A4} = {4AF90850-43CE-42C5-A755-0D11C93BC511}
	EndGlobalSection
EndGlobal
